// !$*UTF8*$!
{
	archiveVersion = 1;
	classes = {
	};
	objectVersion = 50;
	objects = {

/* Begin PBXBuildFile section */
		8B7FE74426189B860014362D /* AppDelegate.swift in Sources */ = {isa = PBXBuildFile; fileRef = 8B7FE74326189B860014362D /* AppDelegate.swift */; };
		8B7FE74626189B860014362D /* SceneDelegate.swift in Sources */ = {isa = PBXBuildFile; fileRef = 8B7FE74526189B860014362D /* SceneDelegate.swift */; };
		8B7FE74B26189B860014362D /* Main.storyboard in Resources */ = {isa = PBXBuildFile; fileRef = 8B7FE74926189B860014362D /* Main.storyboard */; };
		8B7FE75026189B8A0014362D /* LaunchScreen.storyboard in Resources */ = {isa = PBXBuildFile; fileRef = 8B7FE74E26189B8A0014362D /* LaunchScreen.storyboard */; };
		8B7FE75F26189C450014362D /* Constants.swift in Sources */ = {isa = PBXBuildFile; fileRef = 8B7FE75E26189C450014362D /* Constants.swift */; };
		8B7FE76426189C990014362D /* CollectionCell.swift in Sources */ = {isa = PBXBuildFile; fileRef = 8B7FE76326189C990014362D /* CollectionCell.swift */; };
		8B7FE76926189D020014362D /* ListModel.swift in Sources */ = {isa = PBXBuildFile; fileRef = 8B7FE76826189D020014362D /* ListModel.swift */; };
		8B7FE76D26189D370014362D /* CollectionVC.swift in Sources */ = {isa = PBXBuildFile; fileRef = 8B7FE76C26189D370014362D /* CollectionVC.swift */; };
		8B7FE77226189DBC0014362D /* Assets.xcassets in Resources */ = {isa = PBXBuildFile; fileRef = 8B7FE77126189DBC0014362D /* Assets.xcassets */; };
		8B7FE77626189EF00014362D /* CollectionVC + Extension.swift in Sources */ = {isa = PBXBuildFile; fileRef = 8B7FE77526189EF00014362D /* CollectionVC + Extension.swift */; };
		8B7FE77926189F7F0014362D /* CollectionCell.xib in Resources */ = {isa = PBXBuildFile; fileRef = 8B7FE77826189F7F0014362D /* CollectionCell.xib */; };
		8B7FE7812618AF450014362D /* GradientManager.swift in Sources */ = {isa = PBXBuildFile; fileRef = 8B7FE7802618AF450014362D /* GradientManager.swift */; };
		B7250EE7ACB9E8E4E63926B7 /* Pods_Shopping.framework in Frameworks */ = {isa = PBXBuildFile; fileRef = 73DAC8F7F2EA85240762461C /* Pods_Shopping.framework */; };
/* End PBXBuildFile section */

/* Begin PBXFileReference section */
		0A8CF4A3F79FA771738D6CFB /* Pods-Shopping.release.xcconfig */ = {isa = PBXFileReference; includeInIndex = 1; lastKnownFileType = text.xcconfig; name = "Pods-Shopping.release.xcconfig"; path = "Target Support Files/Pods-Shopping/Pods-Shopping.release.xcconfig"; sourceTree = "<group>"; };
		54EB8C2FF8DE6E5A75B32CFD /* Pods-Shopping.debug.xcconfig */ = {isa = PBXFileReference; includeInIndex = 1; lastKnownFileType = text.xcconfig; name = "Pods-Shopping.debug.xcconfig"; path = "Target Support Files/Pods-Shopping/Pods-Shopping.debug.xcconfig"; sourceTree = "<group>"; };
		73DAC8F7F2EA85240762461C /* Pods_Shopping.framework */ = {isa = PBXFileReference; explicitFileType = wrapper.framework; includeInIndex = 0; path = Pods_Shopping.framework; sourceTree = BUILT_PRODUCTS_DIR; };
		8B7FE74026189B860014362D /* Shopping.app */ = {isa = PBXFileReference; explicitFileType = wrapper.application; includeInIndex = 0; path = Shopping.app; sourceTree = BUILT_PRODUCTS_DIR; };
		8B7FE74326189B860014362D /* AppDelegate.swift */ = {isa = PBXFileReference; lastKnownFileType = sourcecode.swift; path = AppDelegate.swift; sourceTree = "<group>"; };
		8B7FE74526189B860014362D /* SceneDelegate.swift */ = {isa = PBXFileReference; lastKnownFileType = sourcecode.swift; path = SceneDelegate.swift; sourceTree = "<group>"; };
		8B7FE74A26189B860014362D /* Base */ = {isa = PBXFileReference; lastKnownFileType = file.storyboard; name = Base; path = Base.lproj/Main.storyboard; sourceTree = "<group>"; };
		8B7FE74F26189B8A0014362D /* Base */ = {isa = PBXFileReference; lastKnownFileType = file.storyboard; name = Base; path = Base.lproj/LaunchScreen.storyboard; sourceTree = "<group>"; };
		8B7FE75126189B8A0014362D /* Info.plist */ = {isa = PBXFileReference; lastKnownFileType = text.plist.xml; path = Info.plist; sourceTree = "<group>"; };
		8B7FE75E26189C450014362D /* Constants.swift */ = {isa = PBXFileReference; lastKnownFileType = sourcecode.swift; path = Constants.swift; sourceTree = "<group>"; };
		8B7FE76326189C990014362D /* CollectionCell.swift */ = {isa = PBXFileReference; lastKnownFileType = sourcecode.swift; path = CollectionCell.swift; sourceTree = "<group>"; };
		8B7FE76826189D020014362D /* ListModel.swift */ = {isa = PBXFileReference; lastKnownFileType = sourcecode.swift; path = ListModel.swift; sourceTree = "<group>"; };
		8B7FE76C26189D370014362D /* CollectionVC.swift */ = {isa = PBXFileReference; lastKnownFileType = sourcecode.swift; path = CollectionVC.swift; sourceTree = "<group>"; };
		8B7FE77126189DBC0014362D /* Assets.xcassets */ = {isa = PBXFileReference; lastKnownFileType = folder.assetcatalog; name = Assets.xcassets; path = Shopping/AdditionalFiles/Assets.xcassets; sourceTree = SOURCE_ROOT; };
		8B7FE77526189EF00014362D /* CollectionVC + Extension.swift */ = {isa = PBXFileReference; lastKnownFileType = sourcecode.swift; path = "CollectionVC + Extension.swift"; sourceTree = "<group>"; };
		8B7FE77826189F7F0014362D /* CollectionCell.xib */ = {isa = PBXFileReference; lastKnownFileType = file.xib; path = CollectionCell.xib; sourceTree = "<group>"; };
		8B7FE7802618AF450014362D /* GradientManager.swift */ = {isa = PBXFileReference; lastKnownFileType = sourcecode.swift; path = GradientManager.swift; sourceTree = "<group>"; };
/* End PBXFileReference section */

/* Begin PBXFrameworksBuildPhase section */
		8B7FE73D26189B860014362D /* Frameworks */ = {
			isa = PBXFrameworksBuildPhase;
			buildActionMask = 2147483647;
			files = (
				B7250EE7ACB9E8E4E63926B7 /* Pods_Shopping.framework in Frameworks */,
			);
			runOnlyForDeploymentPostprocessing = 0;
		};
/* End PBXFrameworksBuildPhase section */

/* Begin PBXGroup section */
		0C15C96D94D704CC9428BC59 /* Frameworks */ = {
			isa = PBXGroup;
			children = (
				73DAC8F7F2EA85240762461C /* Pods_Shopping.framework */,
			);
			name = Frameworks;
			sourceTree = "<group>";
		};
		8B7FE73726189B860014362D = {
			isa = PBXGroup;
			children = (
				8B7FE74226189B860014362D /* Shopping */,
				8B7FE74126189B860014362D /* Products */,
				EBD4E2865016A0DA48CCD9DF /* Pods */,
				0C15C96D94D704CC9428BC59 /* Frameworks */,
			);
			sourceTree = "<group>";
		};
		8B7FE74126189B860014362D /* Products */ = {
			isa = PBXGroup;
			children = (
				8B7FE74026189B860014362D /* Shopping.app */,
			);
			name = Products;
			sourceTree = "<group>";
		};
		8B7FE74226189B860014362D /* Shopping */ = {
			isa = PBXGroup;
			children = (
				8B7FE75B26189BDA0014362D /* Models */,
				8B7FE75926189BC20014362D /* Views */,
				8B7FE75A26189BD10014362D /* Controllers */,
				8B7FE75D26189BEB0014362D /* Extensions */,
				8B7FE7832618AF490014362D /* Managers */,
				8B7FE75C26189BE00014362D /* Cells */,
				8B7FE75826189BB50014362D /* AdditionalFiles */,
				8B7FE74326189B860014362D /* AppDelegate.swift */,
				8B7FE74526189B860014362D /* SceneDelegate.swift */,
				8B7FE75126189B8A0014362D /* Info.plist */,
			);
			path = Shopping;
			sourceTree = "<group>";
		};
		8B7FE75826189BB50014362D /* AdditionalFiles */ = {
			isa = PBXGroup;
			children = (
				8B7FE75E26189C450014362D /* Constants.swift */,
				8B7FE77126189DBC0014362D /* Assets.xcassets */,
			);
			path = AdditionalFiles;
			sourceTree = "<group>";
		};
		8B7FE75926189BC20014362D /* Views */ = {
			isa = PBXGroup;
			children = (
				8B7FE74926189B860014362D /* Main.storyboard */,
				8B7FE77826189F7F0014362D /* CollectionCell.xib */,
				8B7FE74E26189B8A0014362D /* LaunchScreen.storyboard */,
			);
			path = Views;
			sourceTree = "<group>";
		};
		8B7FE75A26189BD10014362D /* Controllers */ = {
			isa = PBXGroup;
			children = (
				8B7FE76C26189D370014362D /* CollectionVC.swift */,
			);
			path = Controllers;
			sourceTree = "<group>";
		};
		8B7FE75B26189BDA0014362D /* Models */ = {
			isa = PBXGroup;
			children = (
				8B7FE76826189D020014362D /* ListModel.swift */,
			);
			path = Models;
			sourceTree = "<group>";
		};
		8B7FE75C26189BE00014362D /* Cells */ = {
			isa = PBXGroup;
			children = (
				8B7FE76326189C990014362D /* CollectionCell.swift */,
			);
			path = Cells;
			sourceTree = "<group>";
		};
		8B7FE75D26189BEB0014362D /* Extensions */ = {
			isa = PBXGroup;
			children = (
				8B7FE77526189EF00014362D /* CollectionVC + Extension.swift */,
			);
			path = Extensions;
			sourceTree = "<group>";
		};
		8B7FE7832618AF490014362D /* Managers */ = {
			isa = PBXGroup;
			children = (
				8B7FE7802618AF450014362D /* GradientManager.swift */,
			);
			path = Managers;
			sourceTree = "<group>";
		};
		EBD4E2865016A0DA48CCD9DF /* Pods */ = {
			isa = PBXGroup;
			children = (
				54EB8C2FF8DE6E5A75B32CFD /* Pods-Shopping.debug.xcconfig */,
				0A8CF4A3F79FA771738D6CFB /* Pods-Shopping.release.xcconfig */,
			);
			name = Pods;
			path = Pods;
			sourceTree = "<group>";
		};
/* End PBXGroup section */

/* Begin PBXNativeTarget section */
		8B7FE73F26189B860014362D /* Shopping */ = {
			isa = PBXNativeTarget;
			buildConfigurationList = 8B7FE75426189B8A0014362D /* Build configuration list for PBXNativeTarget "Shopping" */;
			buildPhases = (
				ACAF4F461C1D8D8BB4FD159E /* [CP] Check Pods Manifest.lock */,
				8B7FE73C26189B860014362D /* Sources */,
				8B7FE73D26189B860014362D /* Frameworks */,
				8B7FE73E26189B860014362D /* Resources */,
				AD450DF0BD70E434E77420FB /* [CP] Embed Pods Frameworks */,
			);
			buildRules = (
			);
			dependencies = (
			);
			name = Shopping;
			productName = Shopping;
			productReference = 8B7FE74026189B860014362D /* Shopping.app */;
			productType = "com.apple.product-type.application";
		};
/* End PBXNativeTarget section */

/* Begin PBXProject section */
		8B7FE73826189B860014362D /* Project object */ = {
			isa = PBXProject;
			attributes = {
				LastSwiftUpdateCheck = 1210;
				LastUpgradeCheck = 1210;
				TargetAttributes = {
					8B7FE73F26189B860014362D = {
						CreatedOnToolsVersion = 12.1;
					};
				};
			};
			buildConfigurationList = 8B7FE73B26189B860014362D /* Build configuration list for PBXProject "Shopping" */;
			compatibilityVersion = "Xcode 9.3";
			developmentRegion = en;
			hasScannedForEncodings = 0;
			knownRegions = (
				en,
				Base,
			);
			mainGroup = 8B7FE73726189B860014362D;
			productRefGroup = 8B7FE74126189B860014362D /* Products */;
			projectDirPath = "";
			projectRoot = "";
			targets = (
				8B7FE73F26189B860014362D /* Shopping */,
			);
		};
/* End PBXProject section */

/* Begin PBXResourcesBuildPhase section */
		8B7FE73E26189B860014362D /* Resources */ = {
			isa = PBXResourcesBuildPhase;
			buildActionMask = 2147483647;
			files = (
				8B7FE75026189B8A0014362D /* LaunchScreen.storyboard in Resources */,
				8B7FE77226189DBC0014362D /* Assets.xcassets in Resources */,
				8B7FE74B26189B860014362D /* Main.storyboard in Resources */,
				8B7FE77926189F7F0014362D /* CollectionCell.xib in Resources */,
			);
			runOnlyForDeploymentPostprocessing = 0;
		};
/* End PBXResourcesBuildPhase section */

/* Begin PBXShellScriptBuildPhase section */
		ACAF4F461C1D8D8BB4FD159E /* [CP] Check Pods Manifest.lock */ = {
			isa = PBXShellScriptBuildPhase;
			buildActionMask = 2147483647;
			files = (
			);
			inputFileListPaths = (
			);
			inputPaths = (
				"${PODS_PODFILE_DIR_PATH}/Podfile.lock",
				"${PODS_ROOT}/Manifest.lock",
			);
			name = "[CP] Check Pods Manifest.lock";
			outputFileListPaths = (
			);
			outputPaths = (
				"$(DERIVED_FILE_DIR)/Pods-Shopping-checkManifestLockResult.txt",
			);
			runOnlyForDeploymentPostprocessing = 0;
			shellPath = /bin/sh;
			shellScript = "diff \"${PODS_PODFILE_DIR_PATH}/Podfile.lock\" \"${PODS_ROOT}/Manifest.lock\" > /dev/null\nif [ $? != 0 ] ; then\n    # print error to STDERR\n    echo \"error: The sandbox is not in sync with the Podfile.lock. Run 'pod install' or update your CocoaPods installation.\" >&2\n    exit 1\nfi\n# This output is used by Xcode 'outputs' to avoid re-running this script phase.\necho \"SUCCESS\" > \"${SCRIPT_OUTPUT_FILE_0}\"\n";
			showEnvVarsInLog = 0;
		};
		AD450DF0BD70E434E77420FB /* [CP] Embed Pods Frameworks */ = {
			isa = PBXShellScriptBuildPhase;
			buildActionMask = 2147483647;
			files = (
			);
			inputFileListPaths = (
				"${PODS_ROOT}/Target Support Files/Pods-Shopping/Pods-Shopping-frameworks-${CONFIGURATION}-input-files.xcfilelist",
			);
			name = "[CP] Embed Pods Frameworks";
			outputFileListPaths = (
				"${PODS_ROOT}/Target Support Files/Pods-Shopping/Pods-Shopping-frameworks-${CONFIGURATION}-output-files.xcfilelist",
			);
			runOnlyForDeploymentPostprocessing = 0;
			shellPath = /bin/sh;
			shellScript = "\"${PODS_ROOT}/Target Support Files/Pods-Shopping/Pods-Shopping-frameworks.sh\"\n";
			showEnvVarsInLog = 0;
		};
/* End PBXShellScriptBuildPhase section */

/* Begin PBXSourcesBuildPhase section */
		8B7FE73C26189B860014362D /* Sources */ = {
			isa = PBXSourcesBuildPhase;
			buildActionMask = 2147483647;
			files = (
				8B7FE76426189C990014362D /* CollectionCell.swift in Sources */,
				8B7FE7812618AF450014362D /* GradientManager.swift in Sources */,
				8B7FE74426189B860014362D /* AppDelegate.swift in Sources */,
				8B7FE76926189D020014362D /* ListModel.swift in Sources */,
				8B7FE77626189EF00014362D /* CollectionVC + Extension.swift in Sources */,
				8B7FE74626189B860014362D /* SceneDelegate.swift in Sources */,
				8B7FE76D26189D370014362D /* CollectionVC.swift in Sources */,
				8B7FE75F26189C450014362D /* Constants.swift in Sources */,
			);
			runOnlyForDeploymentPostprocessing = 0;
		};
/* End PBXSourcesBuildPhase section */

/* Begin PBXVariantGroup section */
		8B7FE74926189B860014362D /* Main.storyboard */ = {
			isa = PBXVariantGroup;
			children = (
				8B7FE74A26189B860014362D /* Base */,
			);
			name = Main.storyboard;
			sourceTree = "<group>";
		};
		8B7FE74E26189B8A0014362D /* LaunchScreen.storyboard */ = {
			isa = PBXVariantGroup;
			children = (
				8B7FE74F26189B8A0014362D /* Base */,
			);
			name = LaunchScreen.storyboard;
			sourceTree = "<group>";
		};
/* End PBXVariantGroup section */

/* Begin XCBuildConfiguration section */
		8B7FE75226189B8A0014362D /* Debug */ = {
			isa = XCBuildConfiguration;
			buildSettings = {
				ALWAYS_SEARCH_USER_PATHS = NO;
				CLANG_ANALYZER_NONNULL = YES;
				CLANG_ANALYZER_NUMBER_OBJECT_CONVERSION = YES_AGGRESSIVE;
				CLANG_CXX_LANGUAGE_STANDARD = "gnu++14";
				CLANG_CXX_LIBRARY = "libc++";
				CLANG_ENABLE_MODULES = YES;
				CLANG_ENABLE_OBJC_ARC = YES;
				CLANG_ENABLE_OBJC_WEAK = YES;
				CLANG_WARN_BLOCK_CAPTURE_AUTORELEASING = YES;
				CLANG_WARN_BOOL_CONVERSION = YES;
				CLANG_WARN_COMMA = YES;
				CLANG_WARN_CONSTANT_CONVERSION = YES;
				CLANG_WARN_DEPRECATED_OBJC_IMPLEMENTATIONS = YES;
				CLANG_WARN_DIRECT_OBJC_ISA_USAGE = YES_ERROR;
				CLANG_WARN_DOCUMENTATION_COMMENTS = YES;
				CLANG_WARN_EMPTY_BODY = YES;
				CLANG_WARN_ENUM_CONVERSION = YES;
				CLANG_WARN_INFINITE_RECURSION = YES;
				CLANG_WARN_INT_CONVERSION = YES;
				CLANG_WARN_NON_LITERAL_NULL_CONVERSION = YES;
				CLANG_WARN_OBJC_IMPLICIT_RETAIN_SELF = YES;
				CLANG_WARN_OBJC_LITERAL_CONVERSION = YES;
				CLANG_WARN_OBJC_ROOT_CLASS = YES_ERROR;
				CLANG_WARN_QUOTED_INCLUDE_IN_FRAMEWORK_HEADER = YES;
				CLANG_WARN_RANGE_LOOP_ANALYSIS = YES;
				CLANG_WARN_STRICT_PROTOTYPES = YES;
				CLANG_WARN_SUSPICIOUS_MOVE = YES;
				CLANG_WARN_UNGUARDED_AVAILABILITY = YES_AGGRESSIVE;
				CLANG_WARN_UNREACHABLE_CODE = YES;
				CLANG_WARN__DUPLICATE_METHOD_MATCH = YES;
				COPY_PHASE_STRIP = NO;
				DEBUG_INFORMATION_FORMAT = dwarf;
				ENABLE_STRICT_OBJC_MSGSEND = YES;
				ENABLE_TESTABILITY = YES;
				GCC_C_LANGUAGE_STANDARD = gnu11;
				GCC_DYNAMIC_NO_PIC = NO;
				GCC_NO_COMMON_BLOCKS = YES;
				GCC_OPTIMIZATION_LEVEL = 0;
				GCC_PREPROCESSOR_DEFINITIONS = (
					"DEBUG=1",
					"$(inherited)",
				);
				GCC_WARN_64_TO_32_BIT_CONVERSION = YES;
				GCC_WARN_ABOUT_RETURN_TYPE = YES_ERROR;
				GCC_WARN_UNDECLARED_SELECTOR = YES;
				GCC_WARN_UNINITIALIZED_AUTOS = YES_AGGRESSIVE;
				GCC_WARN_UNUSED_FUNCTION = YES;
				GCC_WARN_UNUSED_VARIABLE = YES;
				IPHONEOS_DEPLOYMENT_TARGET = 14.1;
				MTL_ENABLE_DEBUG_INFO = INCLUDE_SOURCE;
				MTL_FAST_MATH = YES;
				ONLY_ACTIVE_ARCH = YES;
				SDKROOT = iphoneos;
				SWIFT_ACTIVE_COMPILATION_CONDITIONS = DEBUG;
				SWIFT_OPTIMIZATION_LEVEL = "-Onone";
			};
			name = Debug;
		};
		8B7FE75326189B8A0014362D /* Release */ = {
			isa = XCBuildConfiguration;
			buildSettings = {
				ALWAYS_SEARCH_USER_PATHS = NO;
				CLANG_ANALYZER_NONNULL = YES;
				CLANG_ANALYZER_NUMBER_OBJECT_CONVERSION = YES_AGGRESSIVE;
				CLANG_CXX_LANGUAGE_STANDARD = "gnu++14";
				CLANG_CXX_LIBRARY = "libc++";
				CLANG_ENABLE_MODULES = YES;
				CLANG_ENABLE_OBJC_ARC = YES;
				CLANG_ENABLE_OBJC_WEAK = YES;
				CLANG_WARN_BLOCK_CAPTURE_AUTORELEASING = YES;
				CLANG_WARN_BOOL_CONVERSION = YES;
				CLANG_WARN_COMMA = YES;
				CLANG_WARN_CONSTANT_CONVERSION = YES;
				CLANG_WARN_DEPRECATED_OBJC_IMPLEMENTATIONS = YES;
				CLANG_WARN_DIRECT_OBJC_ISA_USAGE = YES_ERROR;
				CLANG_WARN_DOCUMENTATION_COMMENTS = YES;
				CLANG_WARN_EMPTY_BODY = YES;
				CLANG_WARN_ENUM_CONVERSION = YES;
				CLANG_WARN_INFINITE_RECURSION = YES;
				CLANG_WARN_INT_CONVERSION = YES;
				CLANG_WARN_NON_LITERAL_NULL_CONVERSION = YES;
				CLANG_WARN_OBJC_IMPLICIT_RETAIN_SELF = YES;
				CLANG_WARN_OBJC_LITERAL_CONVERSION = YES;
				CLANG_WARN_OBJC_ROOT_CLASS = YES_ERROR;
				CLANG_WARN_QUOTED_INCLUDE_IN_FRAMEWORK_HEADER = YES;
				CLANG_WARN_RANGE_LOOP_ANALYSIS = YES;
				CLANG_WARN_STRICT_PROTOTYPES = YES;
				CLANG_WARN_SUSPICIOUS_MOVE = YES;
				CLANG_WARN_UNGUARDED_AVAILABILITY = YES_AGGRESSIVE;
				CLANG_WARN_UNREACHABLE_CODE = YES;
				CLANG_WARN__DUPLICATE_METHOD_MATCH = YES;
				COPY_PHASE_STRIP = NO;
				DEBUG_INFORMATION_FORMAT = "dwarf-with-dsym";
				ENABLE_NS_ASSERTIONS = NO;
				ENABLE_STRICT_OBJC_MSGSEND = YES;
				GCC_C_LANGUAGE_STANDARD = gnu11;
				GCC_NO_COMMON_BLOCKS = YES;
				GCC_WARN_64_TO_32_BIT_CONVERSION = YES;
				GCC_WARN_ABOUT_RETURN_TYPE = YES_ERROR;
				GCC_WARN_UNDECLARED_SELECTOR = YES;
				GCC_WARN_UNINITIALIZED_AUTOS = YES_AGGRESSIVE;
				GCC_WARN_UNUSED_FUNCTION = YES;
				GCC_WARN_UNUSED_VARIABLE = YES;
				IPHONEOS_DEPLOYMENT_TARGET = 14.1;
				MTL_ENABLE_DEBUG_INFO = NO;
				MTL_FAST_MATH = YES;
				SDKROOT = iphoneos;
				SWIFT_COMPILATION_MODE = wholemodule;
				SWIFT_OPTIMIZATION_LEVEL = "-O";
				VALIDATE_PRODUCT = YES;
			};
			name = Release;
		};
		8B7FE75526189B8A0014362D /* Debug */ = {
			isa = XCBuildConfiguration;
			baseConfigurationReference = 54EB8C2FF8DE6E5A75B32CFD /* Pods-Shopping.debug.xcconfig */;
			buildSettings = {
				ASSETCATALOG_COMPILER_APPICON_NAME = AppIcon;
				ASSETCATALOG_COMPILER_GLOBAL_ACCENT_COLOR_NAME = AccentColor;
				CODE_SIGN_STYLE = Automatic;
				DEVELOPMENT_TEAM = 27XLCNX4SV;
				INFOPLIST_FILE = Shopping/Info.plist;
				LD_RUNPATH_SEARCH_PATHS = (
					"$(inherited)",
					"@executable_path/Frameworks",
				);
				PRODUCT_BUNDLE_IDENTIFIER = com.artem.Shopping;
				PRODUCT_NAME = "$(TARGET_NAME)";
				SWIFT_VERSION = 5.0;
				TARGETED_DEVICE_FAMILY = "1,2";
			};
			name = Debug;
		};
		8B7FE75626189B8A0014362D /* Release */ = {
			isa = XCBuildConfiguration;
			baseConfigurationReference = 0A8CF4A3F79FA771738D6CFB /* Pods-Shopping.release.xcconfig */;
			buildSettings = {
				ASSETCATALOG_COMPILER_APPICON_NAME = AppIcon;
				ASSETCATALOG_COMPILER_GLOBAL_ACCENT_COLOR_NAME = AccentColor;
				CODE_SIGN_STYLE = Automatic;
				DEVELOPMENT_TEAM = 27XLCNX4SV;
				INFOPLIST_FILE = Shopping/Info.plist;
				LD_RUNPATH_SEARCH_PATHS = (
					"$(inherited)",
					"@executable_path/Frameworks",
				);
				PRODUCT_BUNDLE_IDENTIFIER = com.artem.Shopping;
				PRODUCT_NAME = "$(TARGET_NAME)";
				SWIFT_VERSION = 5.0;
				TARGETED_DEVICE_FAMILY = "1,2";
			};
			name = Release;
		};
/* End XCBuildConfiguration section */

/* Begin XCConfigurationList section */
		8B7FE73B26189B860014362D /* Build configuration list for PBXProject "Shopping" */ = {
			isa = XCConfigurationList;
			buildConfigurations = (
				8B7FE75226189B8A0014362D /* Debug */,
				8B7FE75326189B8A0014362D /* Release */,
			);
			defaultConfigurationIsVisible = 0;
			defaultConfigurationName = Release;
		};
		8B7FE75426189B8A0014362D /* Build configuration list for PBXNativeTarget "Shopping" */ = {
			isa = XCConfigurationList;
			buildConfigurations = (
				8B7FE75526189B8A0014362D /* Debug */,
				8B7FE75626189B8A0014362D /* Release */,
			);
			defaultConfigurationIsVisible = 0;
			defaultConfigurationName = Release;
		};
/* End XCConfigurationList section */
	};
	rootObject = 8B7FE73826189B860014362D /* Project object */;
}
